
Microsoft Visual Studio Solution File, Format Version 12.00
# Visual Studio Version 16
VisualStudioVersion = 16.0.30320.27
MinimumVisualStudioVersion = 10.0.40219.1
Project("{FAE04EC0-301F-11D3-BF4B-00C04F79EFBC}") = "GroceryStore", "GroceryStore\GroceryStore.csproj", "{465EDDB8-536D-4F23-8204-778E957B26A8}"
EndProject
Global
	GlobalSection(SolutionConfigurationPlatforms) = preSolution
		Debug|Any CPU = Debug|Any CPU
		Release|Any CPU = Release|Any CPU
	EndGlobalSection
	GlobalSection(ProjectConfigurationPlatforms) = postSolution
		{465EDDB8-536D-4F23-8204-778E957B26A8}.Debug|Any CPU.ActiveCfg = Debug|Any CPU
		{465EDDB8-536D-4F23-8204-778E957B26A8}.Debug|Any CPU.Build.0 = Debug|Any CPU
		{465EDDB8-536D-4F23-8204-778E957B26A8}.Release|Any CPU.ActiveCfg = Release|Any CPU
		{465EDDB8-536D-4F23-8204-778E957B26A8}.Release|Any CPU.Build.0 = Release|Any CPU
	EndGlobalSection
	GlobalSection(SolutionProperties) = preSolution
		HideSolutionNode = FALSE
	EndGlobalSection
	GlobalSection(ExtensibilityGlobals) = postSolution
		SolutionGuid = {5D57D8B3-B733-4316-8362-D5899DCCEB45}
	EndGlobalSection
EndGlobal
